
Microsoft Visual Studio Solution File, Format Version 12.00
# Visual Studio Version 17
VisualStudioVersion = 17.0.31903.59
MinimumVisualStudioVersion = 10.0.40219.1
Project("{FAE04EC0-301F-11D3-BF4B-00C04F79EFBC}") = "CharacterCreator.Models", "CharacterCreator.Models\CharacterCreator.Models.csproj", "{D573465F-6CDB-4656-BD22-31872D200986}"
EndProject
Project("{FAE04EC0-301F-11D3-BF4B-00C04F79EFBC}") = "CharacterCreator.Services", "CharacterCreator.Services\CharacterCreator.Services.csproj", "{9301E573-E9B7-4D91-AE2D-42E4F3DABAF6}"
EndProject
Project("{FAE04EC0-301F-11D3-BF4B-00C04F79EFBC}") = "CharacterCreator.Data", "CharacterCreator.Data\CharacterCreator.Data.csproj", "{E967C6A3-4309-4CA8-BD41-1ED6A0F0837A}"
EndProject
Project("{FAE04EC0-301F-11D3-BF4B-00C04F79EFBC}") = "CharacterCreatorAPI", "CharacterCreatorAPI\CharacterCreatorAPI.csproj", "{9FBF2FE4-6B24-427A-9100-6A4A619CBAC7}"
EndProject
Global
	GlobalSection(SolutionConfigurationPlatforms) = preSolution
		Debug|Any CPU = Debug|Any CPU
		Release|Any CPU = Release|Any CPU
	EndGlobalSection
	GlobalSection(SolutionProperties) = preSolution
		HideSolutionNode = FALSE
	EndGlobalSection
	GlobalSection(ProjectConfigurationPlatforms) = postSolution
		{D573465F-6CDB-4656-BD22-31872D200986}.Debug|Any CPU.ActiveCfg = Debug|Any CPU
		{D573465F-6CDB-4656-BD22-31872D200986}.Debug|Any CPU.Build.0 = Debug|Any CPU
		{D573465F-6CDB-4656-BD22-31872D200986}.Release|Any CPU.ActiveCfg = Release|Any CPU
		{D573465F-6CDB-4656-BD22-31872D200986}.Release|Any CPU.Build.0 = Release|Any CPU
		{9301E573-E9B7-4D91-AE2D-42E4F3DABAF6}.Debug|Any CPU.ActiveCfg = Debug|Any CPU
		{9301E573-E9B7-4D91-AE2D-42E4F3DABAF6}.Debug|Any CPU.Build.0 = Debug|Any CPU
		{9301E573-E9B7-4D91-AE2D-42E4F3DABAF6}.Release|Any CPU.ActiveCfg = Release|Any CPU
		{9301E573-E9B7-4D91-AE2D-42E4F3DABAF6}.Release|Any CPU.Build.0 = Release|Any CPU
		{E967C6A3-4309-4CA8-BD41-1ED6A0F0837A}.Debug|Any CPU.ActiveCfg = Debug|Any CPU
		{E967C6A3-4309-4CA8-BD41-1ED6A0F0837A}.Debug|Any CPU.Build.0 = Debug|Any CPU
		{E967C6A3-4309-4CA8-BD41-1ED6A0F0837A}.Release|Any CPU.ActiveCfg = Release|Any CPU
		{E967C6A3-4309-4CA8-BD41-1ED6A0F0837A}.Release|Any CPU.Build.0 = Release|Any CPU
		{9FBF2FE4-6B24-427A-9100-6A4A619CBAC7}.Debug|Any CPU.ActiveCfg = Debug|Any CPU
		{9FBF2FE4-6B24-427A-9100-6A4A619CBAC7}.Debug|Any CPU.Build.0 = Debug|Any CPU
		{9FBF2FE4-6B24-427A-9100-6A4A619CBAC7}.Release|Any CPU.ActiveCfg = Release|Any CPU
		{9FBF2FE4-6B24-427A-9100-6A4A619CBAC7}.Release|Any CPU.Build.0 = Release|Any CPU
	EndGlobalSection
EndGlobal
